// !$*UTF8*$!
{
	archiveVersion = 1;
	classes = {
	};
	objectVersion = 46;
	objects = {

/* Begin PBXBuildFile section */
		2B4FBD7DD2137ADA08C65C1C /* Pods_Athna.framework in Frameworks */ = {isa = PBXBuildFile; fileRef = C9D1A99FE59FB3E193CDE187 /* Pods_Athna.framework */; };
		5F1188771DEE2D70003F3977 /* Bolts.framework in Frameworks */ = {isa = PBXBuildFile; fileRef = 5F1188731DEE2D70003F3977 /* Bolts.framework */; };
		5F11887A1DEE2D70003F3977 /* FBSDKShareKit.framework in Frameworks */ = {isa = PBXBuildFile; fileRef = 5F1188761DEE2D70003F3977 /* FBSDKShareKit.framework */; };
		5F2C2E631DF3AFB800D38031 /* SignIn.storyboard in Resources */ = {isa = PBXBuildFile; fileRef = 5F2C2E591DF3AFB800D38031 /* SignIn.storyboard */; };
		5F2C2E641DF3AFB800D38031 /* SignInViewController.swift in Sources */ = {isa = PBXBuildFile; fileRef = 5F2C2E5A1DF3AFB800D38031 /* SignInViewController.swift */; };
		5F2C2E651DF3AFB800D38031 /* SignInViewControllerExtensions.swift in Sources */ = {isa = PBXBuildFile; fileRef = 5F2C2E5C1DF3AFB800D38031 /* SignInViewControllerExtensions.swift */; };
		5F2C2E661DF3AFB800D38031 /* UserPoolForgotPasswordViewController.swift in Sources */ = {isa = PBXBuildFile; fileRef = 5F2C2E5D1DF3AFB800D38031 /* UserPoolForgotPasswordViewController.swift */; };
		5F2C2E671DF3AFB800D38031 /* UserPoolMFAViewController.swift in Sources */ = {isa = PBXBuildFile; fileRef = 5F2C2E5E1DF3AFB800D38031 /* UserPoolMFAViewController.swift */; };
		5F2C2E681DF3AFB800D38031 /* UserPoolNewPasswordViewController.swift in Sources */ = {isa = PBXBuildFile; fileRef = 5F2C2E5F1DF3AFB800D38031 /* UserPoolNewPasswordViewController.swift */; };
		5F2C2E691DF3AFB800D38031 /* UserPools.storyboard in Resources */ = {isa = PBXBuildFile; fileRef = 5F2C2E601DF3AFB800D38031 /* UserPools.storyboard */; };
		5F2C2E6A1DF3AFB800D38031 /* UserPoolSignUpConfirmationViewController.swift in Sources */ = {isa = PBXBuildFile; fileRef = 5F2C2E611DF3AFB800D38031 /* UserPoolSignUpConfirmationViewController.swift */; };
		5F2C2E6B1DF3AFB800D38031 /* UserPoolSignUpViewController.swift in Sources */ = {isa = PBXBuildFile; fileRef = 5F2C2E621DF3AFB800D38031 /* UserPoolSignUpViewController.swift */; };
		5F52C1FF1DF0BE0200011B61 /* FBSDKCoreKit.framework in Frameworks */ = {isa = PBXBuildFile; fileRef = 5F52C1F41DF0BE0200011B61 /* FBSDKCoreKit.framework */; };
		5F52C2001DF0BE0200011B61 /* FBSDKLoginKit.framework in Frameworks */ = {isa = PBXBuildFile; fileRef = 5F52C1F51DF0BE0200011B61 /* FBSDKLoginKit.framework */; };
		5F52C21C1DF0C12700011B61 /* libsqlite3.tbd in Frameworks */ = {isa = PBXBuildFile; fileRef = 5F52C21B1DF0C12700011B61 /* libsqlite3.tbd */; };
		5F52C21E1DF0C13600011B61 /* libz.tbd in Frameworks */ = {isa = PBXBuildFile; fileRef = 5F52C21D1DF0C13600011B61 /* libz.tbd */; };
		5F52C2601DF39DAB00011B61 /* AWSConfiguration.swift in Sources */ = {isa = PBXBuildFile; fileRef = 5F52C25A1DF39DAB00011B61 /* AWSConfiguration.swift */; };
		5F52C2611DF39DAB00011B61 /* AWSMobileClient.swift in Sources */ = {isa = PBXBuildFile; fileRef = 5F52C25B1DF39DAB00011B61 /* AWSMobileClient.swift */; };
		5F52C2621DF39DAB00011B61 /* AWSMobileHubHelper.framework in Frameworks */ = {isa = PBXBuildFile; fileRef = 5F52C25C1DF39DAB00011B61 /* AWSMobileHubHelper.framework */; };
		5F52C2631DF39DAB00011B61 /* User.swift in Sources */ = {isa = PBXBuildFile; fileRef = 5F52C25F1DF39DAB00011B61 /* User.swift */; };
		5F73C4F21DD132A3000F31D3 /* AppDelegate.swift in Sources */ = {isa = PBXBuildFile; fileRef = 5F73C4F11DD132A3000F31D3 /* AppDelegate.swift */; };
		5F73C4F41DD132A3000F31D3 /* HomeViewController.swift in Sources */ = {isa = PBXBuildFile; fileRef = 5F73C4F31DD132A3000F31D3 /* HomeViewController.swift */; };
		5F73C4F61DD132A3000F31D3 /* SearchViewController.swift in Sources */ = {isa = PBXBuildFile; fileRef = 5F73C4F51DD132A3000F31D3 /* SearchViewController.swift */; };
		5F73C4F91DD132A3000F31D3 /* Main.storyboard in Resources */ = {isa = PBXBuildFile; fileRef = 5F73C4F71DD132A3000F31D3 /* Main.storyboard */; };
		5F73C4FB1DD132A3000F31D3 /* Assets.xcassets in Resources */ = {isa = PBXBuildFile; fileRef = 5F73C4FA1DD132A3000F31D3 /* Assets.xcassets */; };
		5F73C4FE1DD132A3000F31D3 /* LaunchScreen.storyboard in Resources */ = {isa = PBXBuildFile; fileRef = 5F73C4FC1DD132A3000F31D3 /* LaunchScreen.storyboard */; };
		5F73C5091DD132A3000F31D3 /* AthnaTests.swift in Sources */ = {isa = PBXBuildFile; fileRef = 5F73C5081DD132A3000F31D3 /* AthnaTests.swift */; };
		5F73C5141DD132A3000F31D3 /* AthnaUITests.swift in Sources */ = {isa = PBXBuildFile; fileRef = 5F73C5131DD132A3000F31D3 /* AthnaUITests.swift */; };
		5F73C5231DD13571000F31D3 /* MessageViewController.swift in Sources */ = {isa = PBXBuildFile; fileRef = 5F73C5221DD13571000F31D3 /* MessageViewController.swift */; };
		5F7BFC281DD78F6F0020D3D5 /* ProfileViewController.swift in Sources */ = {isa = PBXBuildFile; fileRef = 5F7BFC271DD78F6F0020D3D5 /* ProfileViewController.swift */; };
		5F7BFC2C1DD7D5F40020D3D5 /* Home 300x300.png in Resources */ = {isa = PBXBuildFile; fileRef = 5F7BFC291DD7D5F40020D3D5 /* Home 300x300.png */; };
		5F7BFC2D1DD7D5F40020D3D5 /* Profile 300x300.png in Resources */ = {isa = PBXBuildFile; fileRef = 5F7BFC2A1DD7D5F40020D3D5 /* Profile 300x300.png */; };
		5F7BFC2E1DD7D5F40020D3D5 /* Search 300x300.png in Resources */ = {isa = PBXBuildFile; fileRef = 5F7BFC2B1DD7D5F40020D3D5 /* Search 300x300.png */; };
		5F7BFC301DD7D6130020D3D5 /* MSG 300x300.png in Resources */ = {isa = PBXBuildFile; fileRef = 5F7BFC2F1DD7D6130020D3D5 /* MSG 300x300.png */; };
		5FB070771DD6A87000BCDDDF /* romance.png in Resources */ = {isa = PBXBuildFile; fileRef = 5FB070761DD6A87000BCDDDF /* romance.png */; };
		5FB070791DD6A87900BCDDDF /* hangout.png in Resources */ = {isa = PBXBuildFile; fileRef = 5FB070781DD6A87900BCDDDF /* hangout.png */; };
		5FB0707B1DD6A94300BCDDDF /* PeopleViewController.swift in Sources */ = {isa = PBXBuildFile; fileRef = 5FB0707A1DD6A94300BCDDDF /* PeopleViewController.swift */; };
		5FB0707D1DD6C56A00BCDDDF /* PersonViewCell.swift in Sources */ = {isa = PBXBuildFile; fileRef = 5FB0707C1DD6C56A00BCDDDF /* PersonViewCell.swift */; };
		5FB0707F1DD6C59800BCDDDF /* Person.swift in Sources */ = {isa = PBXBuildFile; fileRef = 5FB0707E1DD6C59800BCDDDF /* Person.swift */; };
		5FB070821DD6C69D00BCDDDF /* Casual - Arnold - Profile.jpg in Resources */ = {isa = PBXBuildFile; fileRef = 5FB070811DD6C69D00BCDDDF /* Casual - Arnold - Profile.jpg */; };
		5FB070861DD6C6AC00BCDDDF /* Casual - KingBach - Profile.jpg in Resources */ = {isa = PBXBuildFile; fileRef = 5FB070831DD6C6AC00BCDDDF /* Casual - KingBach - Profile.jpg */; };
		5FB070871DD6C6AC00BCDDDF /* Casual - LoganPaul - Profile.jpg in Resources */ = {isa = PBXBuildFile; fileRef = 5FB070841DD6C6AC00BCDDDF /* Casual - LoganPaul - Profile.jpg */; };
		5FB070881DD6C6AC00BCDDDF /* Casual - The Rock - Profile.jpg in Resources */ = {isa = PBXBuildFile; fileRef = 5FB070851DD6C6AC00BCDDDF /* Casual - The Rock - Profile.jpg */; };
		5FB0708D1DD6C87E00BCDDDF /* Date - boa - Profile.jpg in Resources */ = {isa = PBXBuildFile; fileRef = 5FB070891DD6C87E00BCDDDF /* Date - boa - Profile.jpg */; };
		5FB0708E1DD6C87E00BCDDDF /* Date - Cerny - Profile.jpg in Resources */ = {isa = PBXBuildFile; fileRef = 5FB0708A1DD6C87E00BCDDDF /* Date - Cerny - Profile.jpg */; };
		5FB0708F1DD6C87E00BCDDDF /* Date - Echo Wu - Profile.jpg in Resources */ = {isa = PBXBuildFile; fileRef = 5FB0708B1DD6C87E00BCDDDF /* Date - Echo Wu - Profile.jpg */; };
		5FB070901DD6C87E00BCDDDF /* Date - Underwood - Profile.jpg in Resources */ = {isa = PBXBuildFile; fileRef = 5FB0708C1DD6C87E00BCDDDF /* Date - Underwood - Profile.jpg */; };
		5FC968131DD13C1600A83337 /* MeViewController.swift in Sources */ = {isa = PBXBuildFile; fileRef = 5FC968121DD13C1600A83337 /* MeViewController.swift */; };
		5FEAC3FF1DD7E10400B10D5D /* QA (71x71).png in Resources */ = {isa = PBXBuildFile; fileRef = 5FEAC3FE1DD7E10400B10D5D /* QA (71x71).png */; };
		5FEAC4011DD8A8CE00B10D5D /* PhotoViewCell.swift in Sources */ = {isa = PBXBuildFile; fileRef = 5FEAC4001DD8A8CE00B10D5D /* PhotoViewCell.swift */; };
		5FEAC4061DD8B20C00B10D5D /* Logan Paul - 1.jpg in Resources */ = {isa = PBXBuildFile; fileRef = 5FEAC4031DD8B20C00B10D5D /* Logan Paul - 1.jpg */; };
		5FEAC4071DD8B20C00B10D5D /* Logan Paul - 2.jpg in Resources */ = {isa = PBXBuildFile; fileRef = 5FEAC4041DD8B20C00B10D5D /* Logan Paul - 2.jpg */; };
		5FEAC4081DD8B20C00B10D5D /* Logan Paul - 3.jpg in Resources */ = {isa = PBXBuildFile; fileRef = 5FEAC4051DD8B20C00B10D5D /* Logan Paul - 3.jpg */; };
		5FEAC40E1DD9057500B10D5D /* BioViewCell.swift in Sources */ = {isa = PBXBuildFile; fileRef = 5FEAC40D1DD9057500B10D5D /* BioViewCell.swift */; };
		5FEAC4101DD907C900B10D5D /* Back 300x300.png in Resources */ = {isa = PBXBuildFile; fileRef = 5FEAC40F1DD907C900B10D5D /* Back 300x300.png */; };
/* End PBXBuildFile section */

/* Begin PBXContainerItemProxy section */
		5F73C5051DD132A3000F31D3 /* PBXContainerItemProxy */ = {
			isa = PBXContainerItemProxy;
			containerPortal = 5F73C4E61DD132A2000F31D3 /* Project object */;
			proxyType = 1;
			remoteGlobalIDString = 5F73C4ED1DD132A2000F31D3;
			remoteInfo = Athna;
		};
		5F73C5101DD132A3000F31D3 /* PBXContainerItemProxy */ = {
			isa = PBXContainerItemProxy;
			containerPortal = 5F73C4E61DD132A2000F31D3 /* Project object */;
			proxyType = 1;
			remoteGlobalIDString = 5F73C4ED1DD132A2000F31D3;
			remoteInfo = Athna;
		};
/* End PBXContainerItemProxy section */

/* Begin PBXCopyFilesBuildPhase section */
		5F52C20D1DF0BEC500011B61 /* Embed Frameworks */ = {
			isa = PBXCopyFilesBuildPhase;
			buildActionMask = 2147483647;
			dstPath = "";
			dstSubfolderSpec = 10;
			files = (
			);
			name = "Embed Frameworks";
			runOnlyForDeploymentPostprocessing = 0;
		};
/* End PBXCopyFilesBuildPhase section */

/* Begin PBXFileReference section */
		03E7A9367612DA226FE99B91 /* Pods-Athna.debug.xcconfig */ = {isa = PBXFileReference; includeInIndex = 1; lastKnownFileType = text.xcconfig; name = "Pods-Athna.debug.xcconfig"; path = "Pods/Target Support Files/Pods-Athna/Pods-Athna.debug.xcconfig"; sourceTree = "<group>"; };
		4CA15A1B4AC8AF938A0A02CB /* Pods-Athna.release.xcconfig */ = {isa = PBXFileReference; includeInIndex = 1; lastKnownFileType = text.xcconfig; name = "Pods-Athna.release.xcconfig"; path = "Pods/Target Support Files/Pods-Athna/Pods-Athna.release.xcconfig"; sourceTree = "<group>"; };
		5F1188731DEE2D70003F3977 /* Bolts.framework */ = {isa = PBXFileReference; lastKnownFileType = wrapper.framework; name = Bolts.framework; path = ../../Bolts.framework; sourceTree = "<group>"; };
		5F1188761DEE2D70003F3977 /* FBSDKShareKit.framework */ = {isa = PBXFileReference; lastKnownFileType = wrapper.framework; name = FBSDKShareKit.framework; path = ../../FBSDKShareKit.framework; sourceTree = "<group>"; };
		5F2C2E591DF3AFB800D38031 /* SignIn.storyboard */ = {isa = PBXFileReference; fileEncoding = 4; lastKnownFileType = file.storyboard; path = SignIn.storyboard; sourceTree = "<group>"; };
		5F2C2E5A1DF3AFB800D38031 /* SignInViewController.swift */ = {isa = PBXFileReference; fileEncoding = 4; lastKnownFileType = sourcecode.swift; path = SignInViewController.swift; sourceTree = "<group>"; };
		5F2C2E5C1DF3AFB800D38031 /* SignInViewControllerExtensions.swift */ = {isa = PBXFileReference; fileEncoding = 4; lastKnownFileType = sourcecode.swift; path = SignInViewControllerExtensions.swift; sourceTree = "<group>"; };
		5F2C2E5D1DF3AFB800D38031 /* UserPoolForgotPasswordViewController.swift */ = {isa = PBXFileReference; fileEncoding = 4; lastKnownFileType = sourcecode.swift; path = UserPoolForgotPasswordViewController.swift; sourceTree = "<group>"; };
		5F2C2E5E1DF3AFB800D38031 /* UserPoolMFAViewController.swift */ = {isa = PBXFileReference; fileEncoding = 4; lastKnownFileType = sourcecode.swift; path = UserPoolMFAViewController.swift; sourceTree = "<group>"; };
		5F2C2E5F1DF3AFB800D38031 /* UserPoolNewPasswordViewController.swift */ = {isa = PBXFileReference; fileEncoding = 4; lastKnownFileType = sourcecode.swift; path = UserPoolNewPasswordViewController.swift; sourceTree = "<group>"; };
		5F2C2E601DF3AFB800D38031 /* UserPools.storyboard */ = {isa = PBXFileReference; fileEncoding = 4; lastKnownFileType = file.storyboard; path = UserPools.storyboard; sourceTree = "<group>"; };
		5F2C2E611DF3AFB800D38031 /* UserPoolSignUpConfirmationViewController.swift */ = {isa = PBXFileReference; fileEncoding = 4; lastKnownFileType = sourcecode.swift; path = UserPoolSignUpConfirmationViewController.swift; sourceTree = "<group>"; };
		5F2C2E621DF3AFB800D38031 /* UserPoolSignUpViewController.swift */ = {isa = PBXFileReference; fileEncoding = 4; lastKnownFileType = sourcecode.swift; path = UserPoolSignUpViewController.swift; sourceTree = "<group>"; };
		5F52C1F41DF0BE0200011B61 /* FBSDKCoreKit.framework */ = {isa = PBXFileReference; lastKnownFileType = wrapper.framework; path = FBSDKCoreKit.framework; sourceTree = "<group>"; };
		5F52C1F51DF0BE0200011B61 /* FBSDKLoginKit.framework */ = {isa = PBXFileReference; lastKnownFileType = wrapper.framework; path = FBSDKLoginKit.framework; sourceTree = "<group>"; };
		5F52C21B1DF0C12700011B61 /* libsqlite3.tbd */ = {isa = PBXFileReference; lastKnownFileType = "sourcecode.text-based-dylib-definition"; name = libsqlite3.tbd; path = usr/lib/libsqlite3.tbd; sourceTree = SDKROOT; };
		5F52C21D1DF0C13600011B61 /* libz.tbd */ = {isa = PBXFileReference; lastKnownFileType = "sourcecode.text-based-dylib-definition"; name = libz.tbd; path = usr/lib/libz.tbd; sourceTree = SDKROOT; };
		5F52C25A1DF39DAB00011B61 /* AWSConfiguration.swift */ = {isa = PBXFileReference; fileEncoding = 4; lastKnownFileType = sourcecode.swift; path = AWSConfiguration.swift; sourceTree = "<group>"; };
		5F52C25B1DF39DAB00011B61 /* AWSMobileClient.swift */ = {isa = PBXFileReference; fileEncoding = 4; lastKnownFileType = sourcecode.swift; path = AWSMobileClient.swift; sourceTree = "<group>"; };
		5F52C25C1DF39DAB00011B61 /* AWSMobileHubHelper.framework */ = {isa = PBXFileReference; lastKnownFileType = wrapper.framework; path = AWSMobileHubHelper.framework; sourceTree = "<group>"; };
		5F52C25F1DF39DAB00011B61 /* User.swift */ = {isa = PBXFileReference; fileEncoding = 4; lastKnownFileType = sourcecode.swift; path = User.swift; sourceTree = "<group>"; };
		5F73C4EE1DD132A3000F31D3 /* Athna.app */ = {isa = PBXFileReference; explicitFileType = wrapper.application; includeInIndex = 0; path = Athna.app; sourceTree = BUILT_PRODUCTS_DIR; };
		5F73C4F11DD132A3000F31D3 /* AppDelegate.swift */ = {isa = PBXFileReference; lastKnownFileType = sourcecode.swift; path = AppDelegate.swift; sourceTree = "<group>"; };
		5F73C4F31DD132A3000F31D3 /* HomeViewController.swift */ = {isa = PBXFileReference; lastKnownFileType = sourcecode.swift; path = HomeViewController.swift; sourceTree = "<group>"; };
		5F73C4F51DD132A3000F31D3 /* SearchViewController.swift */ = {isa = PBXFileReference; lastKnownFileType = sourcecode.swift; path = SearchViewController.swift; sourceTree = "<group>"; };
		5F73C4F81DD132A3000F31D3 /* Base */ = {isa = PBXFileReference; lastKnownFileType = file.storyboard; name = Base; path = Base.lproj/Main.storyboard; sourceTree = "<group>"; };
		5F73C4FA1DD132A3000F31D3 /* Assets.xcassets */ = {isa = PBXFileReference; lastKnownFileType = folder.assetcatalog; path = Assets.xcassets; sourceTree = "<group>"; };
		5F73C4FD1DD132A3000F31D3 /* Base */ = {isa = PBXFileReference; lastKnownFileType = file.storyboard; name = Base; path = Base.lproj/LaunchScreen.storyboard; sourceTree = "<group>"; };
		5F73C4FF1DD132A3000F31D3 /* Info.plist */ = {isa = PBXFileReference; lastKnownFileType = text.plist.xml; path = Info.plist; sourceTree = "<group>"; };
		5F73C5041DD132A3000F31D3 /* AthnaTests.xctest */ = {isa = PBXFileReference; explicitFileType = wrapper.cfbundle; includeInIndex = 0; path = AthnaTests.xctest; sourceTree = BUILT_PRODUCTS_DIR; };
		5F73C5081DD132A3000F31D3 /* AthnaTests.swift */ = {isa = PBXFileReference; lastKnownFileType = sourcecode.swift; path = AthnaTests.swift; sourceTree = "<group>"; };
		5F73C50A1DD132A3000F31D3 /* Info.plist */ = {isa = PBXFileReference; lastKnownFileType = text.plist.xml; path = Info.plist; sourceTree = "<group>"; };
		5F73C50F1DD132A3000F31D3 /* AthnaUITests.xctest */ = {isa = PBXFileReference; explicitFileType = wrapper.cfbundle; includeInIndex = 0; path = AthnaUITests.xctest; sourceTree = BUILT_PRODUCTS_DIR; };
		5F73C5131DD132A3000F31D3 /* AthnaUITests.swift */ = {isa = PBXFileReference; lastKnownFileType = sourcecode.swift; path = AthnaUITests.swift; sourceTree = "<group>"; };
		5F73C5151DD132A3000F31D3 /* Info.plist */ = {isa = PBXFileReference; lastKnownFileType = text.plist.xml; path = Info.plist; sourceTree = "<group>"; };
		5F73C5221DD13571000F31D3 /* MessageViewController.swift */ = {isa = PBXFileReference; fileEncoding = 4; lastKnownFileType = sourcecode.swift; path = MessageViewController.swift; sourceTree = "<group>"; };
		5F7BFC271DD78F6F0020D3D5 /* ProfileViewController.swift */ = {isa = PBXFileReference; fileEncoding = 4; lastKnownFileType = sourcecode.swift; path = ProfileViewController.swift; sourceTree = "<group>"; };
		5F7BFC291DD7D5F40020D3D5 /* Home 300x300.png */ = {isa = PBXFileReference; lastKnownFileType = image.png; path = "Home 300x300.png"; sourceTree = "<group>"; };
		5F7BFC2A1DD7D5F40020D3D5 /* Profile 300x300.png */ = {isa = PBXFileReference; lastKnownFileType = image.png; path = "Profile 300x300.png"; sourceTree = "<group>"; };
		5F7BFC2B1DD7D5F40020D3D5 /* Search 300x300.png */ = {isa = PBXFileReference; lastKnownFileType = image.png; path = "Search 300x300.png"; sourceTree = "<group>"; };
		5F7BFC2F1DD7D6130020D3D5 /* MSG 300x300.png */ = {isa = PBXFileReference; lastKnownFileType = image.png; path = "MSG 300x300.png"; sourceTree = "<group>"; };
		5FAA73EC1DF74E1800CF8C0D /* Athna.entitlements */ = {isa = PBXFileReference; lastKnownFileType = text.plist.entitlements; path = Athna.entitlements; sourceTree = "<group>"; };
		5FB070761DD6A87000BCDDDF /* romance.png */ = {isa = PBXFileReference; lastKnownFileType = image.png; path = romance.png; sourceTree = "<group>"; };
		5FB070781DD6A87900BCDDDF /* hangout.png */ = {isa = PBXFileReference; lastKnownFileType = image.png; path = hangout.png; sourceTree = "<group>"; };
		5FB0707A1DD6A94300BCDDDF /* PeopleViewController.swift */ = {isa = PBXFileReference; fileEncoding = 4; lastKnownFileType = sourcecode.swift; path = PeopleViewController.swift; sourceTree = "<group>"; };
		5FB0707C1DD6C56A00BCDDDF /* PersonViewCell.swift */ = {isa = PBXFileReference; fileEncoding = 4; lastKnownFileType = sourcecode.swift; path = PersonViewCell.swift; sourceTree = "<group>"; };
		5FB0707E1DD6C59800BCDDDF /* Person.swift */ = {isa = PBXFileReference; fileEncoding = 4; lastKnownFileType = sourcecode.swift; path = Person.swift; sourceTree = "<group>"; };
		5FB070811DD6C69D00BCDDDF /* Casual - Arnold - Profile.jpg */ = {isa = PBXFileReference; lastKnownFileType = image.jpeg; path = "Casual - Arnold - Profile.jpg"; sourceTree = "<group>"; };
		5FB070831DD6C6AC00BCDDDF /* Casual - KingBach - Profile.jpg */ = {isa = PBXFileReference; lastKnownFileType = image.jpeg; path = "Casual - KingBach - Profile.jpg"; sourceTree = "<group>"; };
		5FB070841DD6C6AC00BCDDDF /* Casual - LoganPaul - Profile.jpg */ = {isa = PBXFileReference; lastKnownFileType = image.jpeg; path = "Casual - LoganPaul - Profile.jpg"; sourceTree = "<group>"; };
		5FB070851DD6C6AC00BCDDDF /* Casual - The Rock - Profile.jpg */ = {isa = PBXFileReference; lastKnownFileType = image.jpeg; path = "Casual - The Rock - Profile.jpg"; sourceTree = "<group>"; };
		5FB070891DD6C87E00BCDDDF /* Date - boa - Profile.jpg */ = {isa = PBXFileReference; lastKnownFileType = image.jpeg; path = "Date - boa - Profile.jpg"; sourceTree = "<group>"; };
		5FB0708A1DD6C87E00BCDDDF /* Date - Cerny - Profile.jpg */ = {isa = PBXFileReference; lastKnownFileType = image.jpeg; path = "Date - Cerny - Profile.jpg"; sourceTree = "<group>"; };
		5FB0708B1DD6C87E00BCDDDF /* Date - Echo Wu - Profile.jpg */ = {isa = PBXFileReference; lastKnownFileType = image.jpeg; path = "Date - Echo Wu - Profile.jpg"; sourceTree = "<group>"; };
		5FB0708C1DD6C87E00BCDDDF /* Date - Underwood - Profile.jpg */ = {isa = PBXFileReference; lastKnownFileType = image.jpeg; path = "Date - Underwood - Profile.jpg"; sourceTree = "<group>"; };
		5FC968121DD13C1600A83337 /* MeViewController.swift */ = {isa = PBXFileReference; fileEncoding = 4; lastKnownFileType = sourcecode.swift; path = MeViewController.swift; sourceTree = "<group>"; };
		5FEAC3FE1DD7E10400B10D5D /* QA (71x71).png */ = {isa = PBXFileReference; lastKnownFileType = image.png; path = "QA (71x71).png"; sourceTree = "<group>"; };
		5FEAC4001DD8A8CE00B10D5D /* PhotoViewCell.swift */ = {isa = PBXFileReference; fileEncoding = 4; lastKnownFileType = sourcecode.swift; path = PhotoViewCell.swift; sourceTree = "<group>"; };
		5FEAC4031DD8B20C00B10D5D /* Logan Paul - 1.jpg */ = {isa = PBXFileReference; lastKnownFileType = image.jpeg; path = "Logan Paul - 1.jpg"; sourceTree = "<group>"; };
		5FEAC4041DD8B20C00B10D5D /* Logan Paul - 2.jpg */ = {isa = PBXFileReference; lastKnownFileType = image.jpeg; path = "Logan Paul - 2.jpg"; sourceTree = "<group>"; };
		5FEAC4051DD8B20C00B10D5D /* Logan Paul - 3.jpg */ = {isa = PBXFileReference; lastKnownFileType = image.jpeg; path = "Logan Paul - 3.jpg"; sourceTree = "<group>"; };
		5FEAC40D1DD9057500B10D5D /* BioViewCell.swift */ = {isa = PBXFileReference; fileEncoding = 4; lastKnownFileType = sourcecode.swift; path = BioViewCell.swift; sourceTree = "<group>"; };
		5FEAC40F1DD907C900B10D5D /* Back 300x300.png */ = {isa = PBXFileReference; lastKnownFileType = image.png; path = "Back 300x300.png"; sourceTree = "<group>"; };
		C9D1A99FE59FB3E193CDE187 /* Pods_Athna.framework */ = {isa = PBXFileReference; explicitFileType = wrapper.framework; includeInIndex = 0; path = Pods_Athna.framework; sourceTree = BUILT_PRODUCTS_DIR; };
/* End PBXFileReference section */

/* Begin PBXFrameworksBuildPhase section */
		5F73C4EB1DD132A2000F31D3 /* Frameworks */ = {
			isa = PBXFrameworksBuildPhase;
			buildActionMask = 2147483647;
			files = (
				5F52C2621DF39DAB00011B61 /* AWSMobileHubHelper.framework in Frameworks */,
				5F52C21E1DF0C13600011B61 /* libz.tbd in Frameworks */,
				5F52C21C1DF0C12700011B61 /* libsqlite3.tbd in Frameworks */,
				5F11887A1DEE2D70003F3977 /* FBSDKShareKit.framework in Frameworks */,
				5F1188771DEE2D70003F3977 /* Bolts.framework in Frameworks */,
				5F52C2001DF0BE0200011B61 /* FBSDKLoginKit.framework in Frameworks */,
				5F52C1FF1DF0BE0200011B61 /* FBSDKCoreKit.framework in Frameworks */,
				2B4FBD7DD2137ADA08C65C1C /* Pods_Athna.framework in Frameworks */,
			);
			runOnlyForDeploymentPostprocessing = 0;
		};
		5F73C5011DD132A3000F31D3 /* Frameworks */ = {
			isa = PBXFrameworksBuildPhase;
			buildActionMask = 2147483647;
			files = (
			);
			runOnlyForDeploymentPostprocessing = 0;
		};
		5F73C50C1DD132A3000F31D3 /* Frameworks */ = {
			isa = PBXFrameworksBuildPhase;
			buildActionMask = 2147483647;
			files = (
			);
			runOnlyForDeploymentPostprocessing = 0;
		};
/* End PBXFrameworksBuildPhase section */

/* Begin PBXGroup section */
		411DD17EF8191EB2F85A0E28 /* Pods */ = {
			isa = PBXGroup;
			children = (
				03E7A9367612DA226FE99B91 /* Pods-Athna.debug.xcconfig */,
				4CA15A1B4AC8AF938A0A02CB /* Pods-Athna.release.xcconfig */,
			);
			name = Pods;
			sourceTree = "<group>";
		};
		5F2C2E581DF3AFB800D38031 /* SignIn */ = {
			isa = PBXGroup;
			children = (
				5F2C2E591DF3AFB800D38031 /* SignIn.storyboard */,
				5F2C2E5A1DF3AFB800D38031 /* SignInViewController.swift */,
				5F2C2E5B1DF3AFB800D38031 /* UserPools */,
			);
			path = SignIn;
			sourceTree = "<group>";
		};
		5F2C2E5B1DF3AFB800D38031 /* UserPools */ = {
			isa = PBXGroup;
			children = (
				5F2C2E5C1DF3AFB800D38031 /* SignInViewControllerExtensions.swift */,
				5F2C2E5D1DF3AFB800D38031 /* UserPoolForgotPasswordViewController.swift */,
				5F2C2E5E1DF3AFB800D38031 /* UserPoolMFAViewController.swift */,
				5F2C2E5F1DF3AFB800D38031 /* UserPoolNewPasswordViewController.swift */,
				5F2C2E601DF3AFB800D38031 /* UserPools.storyboard */,
				5F2C2E611DF3AFB800D38031 /* UserPoolSignUpConfirmationViewController.swift */,
				5F2C2E621DF3AFB800D38031 /* UserPoolSignUpViewController.swift */,
			);
			path = UserPools;
			sourceTree = "<group>";
		};
		5F52C1F31DF0BE0200011B61 /* FBSDK */ = {
			isa = PBXGroup;
			children = (
				5F1188731DEE2D70003F3977 /* Bolts.framework */,
				5F1188761DEE2D70003F3977 /* FBSDKShareKit.framework */,
				5F52C1F41DF0BE0200011B61 /* FBSDKCoreKit.framework */,
				5F52C1F51DF0BE0200011B61 /* FBSDKLoginKit.framework */,
			);
			name = FBSDK;
			path = Sdk/Facebook;
			sourceTree = "<group>";
		};
		5F52C21A1DF0C12700011B61 /* Frameworks */ = {
			isa = PBXGroup;
			children = (
				5F52C21D1DF0C13600011B61 /* libz.tbd */,
				5F52C21B1DF0C12700011B61 /* libsqlite3.tbd */,
				C9D1A99FE59FB3E193CDE187 /* Pods_Athna.framework */,
			);
			name = Frameworks;
			sourceTree = "<group>";
		};
		5F52C2591DF39DAB00011B61 /* AmazonAws */ = {
			isa = PBXGroup;
			children = (
				5F52C25A1DF39DAB00011B61 /* AWSConfiguration.swift */,
				5F52C25B1DF39DAB00011B61 /* AWSMobileClient.swift */,
				5F52C25C1DF39DAB00011B61 /* AWSMobileHubHelper.framework */,
				5F52C25D1DF39DAB00011B61 /* Models */,
			);
			path = AmazonAws;
			sourceTree = "<group>";
		};
		5F52C25D1DF39DAB00011B61 /* Models */ = {
			isa = PBXGroup;
			children = (
				5F52C25E1DF39DAB00011B61 /* NoSQL */,
			);
			path = Models;
			sourceTree = "<group>";
		};
		5F52C25E1DF39DAB00011B61 /* NoSQL */ = {
			isa = PBXGroup;
			children = (
				5F52C25F1DF39DAB00011B61 /* User.swift */,
			);
			path = NoSQL;
			sourceTree = "<group>";
		};
		5F73C4E51DD132A2000F31D3 = {
			isa = PBXGroup;
			children = (
				5F73C4F01DD132A3000F31D3 /* Athna */,
				5F73C5071DD132A3000F31D3 /* AthnaTests */,
				5F73C5121DD132A3000F31D3 /* AthnaUITests */,
				5F73C4EF1DD132A3000F31D3 /* Products */,
				5F52C21A1DF0C12700011B61 /* Frameworks */,
				411DD17EF8191EB2F85A0E28 /* Pods */,
			);
			sourceTree = "<group>";
		};
		5F73C4EF1DD132A3000F31D3 /* Products */ = {
			isa = PBXGroup;
			children = (
				5F73C4EE1DD132A3000F31D3 /* Athna.app */,
				5F73C5041DD132A3000F31D3 /* AthnaTests.xctest */,
				5F73C50F1DD132A3000F31D3 /* AthnaUITests.xctest */,
			);
			name = Products;
			sourceTree = "<group>";
		};
		5F73C4F01DD132A3000F31D3 /* Athna */ = {
			isa = PBXGroup;
			children = (
				5FAA73EC1DF74E1800CF8C0D /* Athna.entitlements */,
				5F52C2591DF39DAB00011B61 /* AmazonAws */,
				5F52C1F31DF0BE0200011B61 /* FBSDK */,
				5FEAC4021DD8B1FE00B10D5D /* profile pics */,
				5FB070801DD6C67B00BCDDDF /* display pics */,
				5FB070751DD6A75C00BCDDDF /* icons */,
				5F73C5211DD1340C000F31D3 /* supporting files */,
				5F2C2E581DF3AFB800D38031 /* SignIn */,
				5FB0707E1DD6C59800BCDDDF /* Person.swift */,
				5FB0707C1DD6C56A00BCDDDF /* PersonViewCell.swift */,
				5F73C4F31DD132A3000F31D3 /* HomeViewController.swift */,
				5F73C4F51DD132A3000F31D3 /* SearchViewController.swift */,
				5F73C5221DD13571000F31D3 /* MessageViewController.swift */,
				5FC968121DD13C1600A83337 /* MeViewController.swift */,
				5FB0707A1DD6A94300BCDDDF /* PeopleViewController.swift */,
				5F7BFC271DD78F6F0020D3D5 /* ProfileViewController.swift */,
				5F73C4F71DD132A3000F31D3 /* Main.storyboard */,
				5FEAC4001DD8A8CE00B10D5D /* PhotoViewCell.swift */,
				5FEAC40D1DD9057500B10D5D /* BioViewCell.swift */,
			);
			path = Athna;
			sourceTree = "<group>";
		};
		5F73C5071DD132A3000F31D3 /* AthnaTests */ = {
			isa = PBXGroup;
			children = (
				5F73C5081DD132A3000F31D3 /* AthnaTests.swift */,
				5F73C50A1DD132A3000F31D3 /* Info.plist */,
			);
			path = AthnaTests;
			sourceTree = "<group>";
		};
		5F73C5121DD132A3000F31D3 /* AthnaUITests */ = {
			isa = PBXGroup;
			children = (
				5F73C5131DD132A3000F31D3 /* AthnaUITests.swift */,
				5F73C5151DD132A3000F31D3 /* Info.plist */,
			);
			path = AthnaUITests;
			sourceTree = "<group>";
		};
		5F73C5211DD1340C000F31D3 /* supporting files */ = {
			isa = PBXGroup;
			children = (
				5F73C4F11DD132A3000F31D3 /* AppDelegate.swift */,
				5F73C4FA1DD132A3000F31D3 /* Assets.xcassets */,
				5F73C4FC1DD132A3000F31D3 /* LaunchScreen.storyboard */,
				5F73C4FF1DD132A3000F31D3 /* Info.plist */,
			);
			name = "supporting files";
			sourceTree = "<group>";
		};
		5FB070751DD6A75C00BCDDDF /* icons */ = {
			isa = PBXGroup;
			children = (
				5FEAC40F1DD907C900B10D5D /* Back 300x300.png */,
				5F7BFC2F1DD7D6130020D3D5 /* MSG 300x300.png */,
				5F7BFC291DD7D5F40020D3D5 /* Home 300x300.png */,
				5F7BFC2A1DD7D5F40020D3D5 /* Profile 300x300.png */,
				5F7BFC2B1DD7D5F40020D3D5 /* Search 300x300.png */,
				5FB070781DD6A87900BCDDDF /* hangout.png */,
				5FB070761DD6A87000BCDDDF /* romance.png */,
				5FEAC3FE1DD7E10400B10D5D /* QA (71x71).png */,
			);
			name = icons;
			sourceTree = "<group>";
		};
		5FB070801DD6C67B00BCDDDF /* display pics */ = {
			isa = PBXGroup;
			children = (
				5FB070831DD6C6AC00BCDDDF /* Casual - KingBach - Profile.jpg */,
				5FB070841DD6C6AC00BCDDDF /* Casual - LoganPaul - Profile.jpg */,
				5FB070851DD6C6AC00BCDDDF /* Casual - The Rock - Profile.jpg */,
				5FB070811DD6C69D00BCDDDF /* Casual - Arnold - Profile.jpg */,
				5FB070891DD6C87E00BCDDDF /* Date - boa - Profile.jpg */,
				5FB0708A1DD6C87E00BCDDDF /* Date - Cerny - Profile.jpg */,
				5FB0708B1DD6C87E00BCDDDF /* Date - Echo Wu - Profile.jpg */,
				5FB0708C1DD6C87E00BCDDDF /* Date - Underwood - Profile.jpg */,
			);
			name = "display pics";
			sourceTree = "<group>";
		};
		5FEAC4021DD8B1FE00B10D5D /* profile pics */ = {
			isa = PBXGroup;
			children = (
				5FEAC4031DD8B20C00B10D5D /* Logan Paul - 1.jpg */,
				5FEAC4041DD8B20C00B10D5D /* Logan Paul - 2.jpg */,
				5FEAC4051DD8B20C00B10D5D /* Logan Paul - 3.jpg */,
			);
			name = "profile pics";
			sourceTree = "<group>";
		};
/* End PBXGroup section */

/* Begin PBXNativeTarget section */
		5F73C4ED1DD132A2000F31D3 /* Athna */ = {
			isa = PBXNativeTarget;
			buildConfigurationList = 5F73C5181DD132A3000F31D3 /* Build configuration list for PBXNativeTarget "Athna" */;
			buildPhases = (
				476EEBCFF7DE321EE97CA9AF /* [CP] Check Pods Manifest.lock */,
				5F73C4EA1DD132A2000F31D3 /* Sources */,
				5F73C4EB1DD132A2000F31D3 /* Frameworks */,
				5F73C4EC1DD132A2000F31D3 /* Resources */,
				5F52C20D1DF0BEC500011B61 /* Embed Frameworks */,
				1295547E4B8EC06CC530CAB0 /* [CP] Embed Pods Frameworks */,
				079A4C47669230E87E261743 /* [CP] Copy Pods Resources */,
			);
			buildRules = (
			);
			dependencies = (
			);
			name = Athna;
			productName = Athna;
			productReference = 5F73C4EE1DD132A3000F31D3 /* Athna.app */;
			productType = "com.apple.product-type.application";
		};
		5F73C5031DD132A3000F31D3 /* AthnaTests */ = {
			isa = PBXNativeTarget;
			buildConfigurationList = 5F73C51B1DD132A3000F31D3 /* Build configuration list for PBXNativeTarget "AthnaTests" */;
			buildPhases = (
				5F73C5001DD132A3000F31D3 /* Sources */,
				5F73C5011DD132A3000F31D3 /* Frameworks */,
				5F73C5021DD132A3000F31D3 /* Resources */,
			);
			buildRules = (
			);
			dependencies = (
				5F73C5061DD132A3000F31D3 /* PBXTargetDependency */,
			);
			name = AthnaTests;
			productName = AthnaTests;
			productReference = 5F73C5041DD132A3000F31D3 /* AthnaTests.xctest */;
			productType = "com.apple.product-type.bundle.unit-test";
		};
		5F73C50E1DD132A3000F31D3 /* AthnaUITests */ = {
			isa = PBXNativeTarget;
			buildConfigurationList = 5F73C51E1DD132A3000F31D3 /* Build configuration list for PBXNativeTarget "AthnaUITests" */;
			buildPhases = (
				5F73C50B1DD132A3000F31D3 /* Sources */,
				5F73C50C1DD132A3000F31D3 /* Frameworks */,
				5F73C50D1DD132A3000F31D3 /* Resources */,
			);
			buildRules = (
			);
			dependencies = (
				5F73C5111DD132A3000F31D3 /* PBXTargetDependency */,
			);
			name = AthnaUITests;
			productName = AthnaUITests;
			productReference = 5F73C50F1DD132A3000F31D3 /* AthnaUITests.xctest */;
			productType = "com.apple.product-type.bundle.ui-testing";
		};
/* End PBXNativeTarget section */

/* Begin PBXProject section */
		5F73C4E61DD132A2000F31D3 /* Project object */ = {
			isa = PBXProject;
			attributes = {
				LastSwiftUpdateCheck = 0810;
				LastUpgradeCheck = 0810;
				ORGANIZATIONNAME = Sherlock;
				TargetAttributes = {
					5F73C4ED1DD132A2000F31D3 = {
						CreatedOnToolsVersion = 8.1;
						DevelopmentTeam = 3KD746HRBW;
						LastSwiftMigration = 0810;
						ProvisioningStyle = Automatic;
						SystemCapabilities = {
							com.apple.Keychain = {
								enabled = 1;
							};
						};
					};
					5F73C5031DD132A3000F31D3 = {
						CreatedOnToolsVersion = 8.1;
						LastSwiftMigration = 0810;
						ProvisioningStyle = Automatic;
						TestTargetID = 5F73C4ED1DD132A2000F31D3;
					};
					5F73C50E1DD132A3000F31D3 = {
						CreatedOnToolsVersion = 8.1;
						LastSwiftMigration = 0810;
						ProvisioningStyle = Automatic;
						TestTargetID = 5F73C4ED1DD132A2000F31D3;
					};
				};
			};
			buildConfigurationList = 5F73C4E91DD132A2000F31D3 /* Build configuration list for PBXProject "Athna" */;
			compatibilityVersion = "Xcode 3.2";
			developmentRegion = English;
			hasScannedForEncodings = 0;
			knownRegions = (
				en,
				Base,
			);
			mainGroup = 5F73C4E51DD132A2000F31D3;
			productRefGroup = 5F73C4EF1DD132A3000F31D3 /* Products */;
			projectDirPath = "";
			projectRoot = "";
			targets = (
				5F73C4ED1DD132A2000F31D3 /* Athna */,
				5F73C5031DD132A3000F31D3 /* AthnaTests */,
				5F73C50E1DD132A3000F31D3 /* AthnaUITests */,
			);
		};
/* End PBXProject section */

/* Begin PBXResourcesBuildPhase section */
		5F73C4EC1DD132A2000F31D3 /* Resources */ = {
			isa = PBXResourcesBuildPhase;
			buildActionMask = 2147483647;
			files = (
				5F7BFC301DD7D6130020D3D5 /* MSG 300x300.png in Resources */,
				5FB0708D1DD6C87E00BCDDDF /* Date - boa - Profile.jpg in Resources */,
				5FEAC4081DD8B20C00B10D5D /* Logan Paul - 3.jpg in Resources */,
				5FB070901DD6C87E00BCDDDF /* Date - Underwood - Profile.jpg in Resources */,
				5FB070821DD6C69D00BCDDDF /* Casual - Arnold - Profile.jpg in Resources */,
				5F2C2E691DF3AFB800D38031 /* UserPools.storyboard in Resources */,
				5FB070771DD6A87000BCDDDF /* romance.png in Resources */,
				5FB070881DD6C6AC00BCDDDF /* Casual - The Rock - Profile.jpg in Resources */,
				5FEAC3FF1DD7E10400B10D5D /* QA (71x71).png in Resources */,
				5F73C4FE1DD132A3000F31D3 /* LaunchScreen.storyboard in Resources */,
				5F7BFC2C1DD7D5F40020D3D5 /* Home 300x300.png in Resources */,
				5F73C4FB1DD132A3000F31D3 /* Assets.xcassets in Resources */,
				5FB0708E1DD6C87E00BCDDDF /* Date - Cerny - Profile.jpg in Resources */,
				5F7BFC2E1DD7D5F40020D3D5 /* Search 300x300.png in Resources */,
				5FB0708F1DD6C87E00BCDDDF /* Date - Echo Wu - Profile.jpg in Resources */,
				5FEAC4061DD8B20C00B10D5D /* Logan Paul - 1.jpg in Resources */,
				5FB070871DD6C6AC00BCDDDF /* Casual - LoganPaul - Profile.jpg in Resources */,
				5FB070791DD6A87900BCDDDF /* hangout.png in Resources */,
				5FB070861DD6C6AC00BCDDDF /* Casual - KingBach - Profile.jpg in Resources */,
				5FEAC4101DD907C900B10D5D /* Back 300x300.png in Resources */,
				5F7BFC2D1DD7D5F40020D3D5 /* Profile 300x300.png in Resources */,
				5F2C2E631DF3AFB800D38031 /* SignIn.storyboard in Resources */,
				5F73C4F91DD132A3000F31D3 /* Main.storyboard in Resources */,
				5FEAC4071DD8B20C00B10D5D /* Logan Paul - 2.jpg in Resources */,
			);
			runOnlyForDeploymentPostprocessing = 0;
		};
		5F73C5021DD132A3000F31D3 /* Resources */ = {
			isa = PBXResourcesBuildPhase;
			buildActionMask = 2147483647;
			files = (
			);
			runOnlyForDeploymentPostprocessing = 0;
		};
		5F73C50D1DD132A3000F31D3 /* Resources */ = {
			isa = PBXResourcesBuildPhase;
			buildActionMask = 2147483647;
			files = (
			);
			runOnlyForDeploymentPostprocessing = 0;
		};
/* End PBXResourcesBuildPhase section */

/* Begin PBXShellScriptBuildPhase section */
		079A4C47669230E87E261743 /* [CP] Copy Pods Resources */ = {
			isa = PBXShellScriptBuildPhase;
			buildActionMask = 2147483647;
			files = (
			);
			inputPaths = (
			);
			name = "[CP] Copy Pods Resources";
			outputPaths = (
			);
			runOnlyForDeploymentPostprocessing = 0;
			shellPath = /bin/sh;
			shellScript = "\"${SRCROOT}/Pods/Target Support Files/Pods-Athna/Pods-Athna-resources.sh\"\n";
			showEnvVarsInLog = 0;
		};
		1295547E4B8EC06CC530CAB0 /* [CP] Embed Pods Frameworks */ = {
			isa = PBXShellScriptBuildPhase;
			buildActionMask = 2147483647;
			files = (
			);
			inputPaths = (
			);
			name = "[CP] Embed Pods Frameworks";
			outputPaths = (
			);
			runOnlyForDeploymentPostprocessing = 0;
			shellPath = /bin/sh;
			shellScript = "\"${SRCROOT}/Pods/Target Support Files/Pods-Athna/Pods-Athna-frameworks.sh\"\n";
			showEnvVarsInLog = 0;
		};
		476EEBCFF7DE321EE97CA9AF /* [CP] Check Pods Manifest.lock */ = {
			isa = PBXShellScriptBuildPhase;
			buildActionMask = 2147483647;
			files = (
			);
			inputPaths = (
			);
			name = "[CP] Check Pods Manifest.lock";
			outputPaths = (
			);
			runOnlyForDeploymentPostprocessing = 0;
			shellPath = /bin/sh;
			shellScript = "diff \"${PODS_ROOT}/../Podfile.lock\" \"${PODS_ROOT}/Manifest.lock\" > /dev/null\nif [ $? != 0 ] ; then\n    # print error to STDERR\n    echo \"error: The sandbox is not in sync with the Podfile.lock. Run 'pod install' or update your CocoaPods installation.\" >&2\n    exit 1\nfi\n";
			showEnvVarsInLog = 0;
		};
/* End PBXShellScriptBuildPhase section */

/* Begin PBXSourcesBuildPhase section */
		5F73C4EA1DD132A2000F31D3 /* Sources */ = {
			isa = PBXSourcesBuildPhase;
			buildActionMask = 2147483647;
			files = (
				5F2C2E6A1DF3AFB800D38031 /* UserPoolSignUpConfirmationViewController.swift in Sources */,
				5FC968131DD13C1600A83337 /* MeViewController.swift in Sources */,
				5F52C2611DF39DAB00011B61 /* AWSMobileClient.swift in Sources */,
				5F73C4F61DD132A3000F31D3 /* SearchViewController.swift in Sources */,
				5F73C4F21DD132A3000F31D3 /* AppDelegate.swift in Sources */,
				5F2C2E661DF3AFB800D38031 /* UserPoolForgotPasswordViewController.swift in Sources */,
				5F73C5231DD13571000F31D3 /* MessageViewController.swift in Sources */,
				5F73C4F41DD132A3000F31D3 /* HomeViewController.swift in Sources */,
				5FB0707D1DD6C56A00BCDDDF /* PersonViewCell.swift in Sources */,
				5F52C2631DF39DAB00011B61 /* User.swift in Sources */,
				5FEAC40E1DD9057500B10D5D /* BioViewCell.swift in Sources */,
				5F7BFC281DD78F6F0020D3D5 /* ProfileViewController.swift in Sources */,
				5F52C2601DF39DAB00011B61 /* AWSConfiguration.swift in Sources */,
				5F2C2E641DF3AFB800D38031 /* SignInViewController.swift in Sources */,
				5F2C2E6B1DF3AFB800D38031 /* UserPoolSignUpViewController.swift in Sources */,
				5FB0707F1DD6C59800BCDDDF /* Person.swift in Sources */,
				5F2C2E681DF3AFB800D38031 /* UserPoolNewPasswordViewController.swift in Sources */,
				5F2C2E651DF3AFB800D38031 /* SignInViewControllerExtensions.swift in Sources */,
				5FB0707B1DD6A94300BCDDDF /* PeopleViewController.swift in Sources */,
				5FEAC4011DD8A8CE00B10D5D /* PhotoViewCell.swift in Sources */,
				5F2C2E671DF3AFB800D38031 /* UserPoolMFAViewController.swift in Sources */,
			);
			runOnlyForDeploymentPostprocessing = 0;
		};
		5F73C5001DD132A3000F31D3 /* Sources */ = {
			isa = PBXSourcesBuildPhase;
			buildActionMask = 2147483647;
			files = (
				5F73C5091DD132A3000F31D3 /* AthnaTests.swift in Sources */,
			);
			runOnlyForDeploymentPostprocessing = 0;
		};
		5F73C50B1DD132A3000F31D3 /* Sources */ = {
			isa = PBXSourcesBuildPhase;
			buildActionMask = 2147483647;
			files = (
				5F73C5141DD132A3000F31D3 /* AthnaUITests.swift in Sources */,
			);
			runOnlyForDeploymentPostprocessing = 0;
		};
/* End PBXSourcesBuildPhase section */

/* Begin PBXTargetDependency section */
		5F73C5061DD132A3000F31D3 /* PBXTargetDependency */ = {
			isa = PBXTargetDependency;
			target = 5F73C4ED1DD132A2000F31D3 /* Athna */;
			targetProxy = 5F73C5051DD132A3000F31D3 /* PBXContainerItemProxy */;
		};
		5F73C5111DD132A3000F31D3 /* PBXTargetDependency */ = {
			isa = PBXTargetDependency;
			target = 5F73C4ED1DD132A2000F31D3 /* Athna */;
			targetProxy = 5F73C5101DD132A3000F31D3 /* PBXContainerItemProxy */;
		};
/* End PBXTargetDependency section */

/* Begin PBXVariantGroup section */
		5F73C4F71DD132A3000F31D3 /* Main.storyboard */ = {
			isa = PBXVariantGroup;
			children = (
				5F73C4F81DD132A3000F31D3 /* Base */,
			);
			name = Main.storyboard;
			sourceTree = "<group>";
		};
		5F73C4FC1DD132A3000F31D3 /* LaunchScreen.storyboard */ = {
			isa = PBXVariantGroup;
			children = (
				5F73C4FD1DD132A3000F31D3 /* Base */,
			);
			name = LaunchScreen.storyboard;
			sourceTree = "<group>";
		};
/* End PBXVariantGroup section */

/* Begin XCBuildConfiguration section */
		5F73C5161DD132A3000F31D3 /* Debug */ = {
			isa = XCBuildConfiguration;
			buildSettings = {
				ALWAYS_SEARCH_USER_PATHS = NO;
				CLANG_ANALYZER_NONNULL = YES;
				CLANG_CXX_LANGUAGE_STANDARD = "gnu++0x";
				CLANG_CXX_LIBRARY = "libc++";
				CLANG_ENABLE_MODULES = YES;
				CLANG_ENABLE_OBJC_ARC = YES;
				CLANG_WARN_BOOL_CONVERSION = YES;
				CLANG_WARN_CONSTANT_CONVERSION = YES;
				CLANG_WARN_DIRECT_OBJC_ISA_USAGE = YES_ERROR;
				CLANG_WARN_DOCUMENTATION_COMMENTS = YES;
				CLANG_WARN_EMPTY_BODY = YES;
				CLANG_WARN_ENUM_CONVERSION = YES;
				CLANG_WARN_INFINITE_RECURSION = YES;
				CLANG_WARN_INT_CONVERSION = YES;
				CLANG_WARN_OBJC_ROOT_CLASS = YES_ERROR;
				CLANG_WARN_SUSPICIOUS_MOVES = YES;
				CLANG_WARN_UNREACHABLE_CODE = YES;
				CLANG_WARN__DUPLICATE_METHOD_MATCH = YES;
				"CODE_SIGN_IDENTITY[sdk=iphoneos*]" = "iPhone Developer";
				COPY_PHASE_STRIP = NO;
				DEBUG_INFORMATION_FORMAT = dwarf;
				ENABLE_STRICT_OBJC_MSGSEND = YES;
				ENABLE_TESTABILITY = YES;
				GCC_C_LANGUAGE_STANDARD = gnu99;
				GCC_DYNAMIC_NO_PIC = NO;
				GCC_NO_COMMON_BLOCKS = YES;
				GCC_OPTIMIZATION_LEVEL = 0;
				GCC_PREPROCESSOR_DEFINITIONS = (
					"DEBUG=1",
					"$(inherited)",
				);
				GCC_WARN_64_TO_32_BIT_CONVERSION = YES;
				GCC_WARN_ABOUT_RETURN_TYPE = YES_ERROR;
				GCC_WARN_UNDECLARED_SELECTOR = YES;
				GCC_WARN_UNINITIALIZED_AUTOS = YES_AGGRESSIVE;
				GCC_WARN_UNUSED_FUNCTION = YES;
				GCC_WARN_UNUSED_VARIABLE = YES;
				IPHONEOS_DEPLOYMENT_TARGET = 8.0;
				MTL_ENABLE_DEBUG_INFO = YES;
				ONLY_ACTIVE_ARCH = YES;
				SDKROOT = iphoneos;
				SWIFT_ACTIVE_COMPILATION_CONDITIONS = DEBUG;
				SWIFT_OPTIMIZATION_LEVEL = "-Onone";
				TARGETED_DEVICE_FAMILY = "1,2";
			};
			name = Debug;
		};
		5F73C5171DD132A3000F31D3 /* Release */ = {
			isa = XCBuildConfiguration;
			buildSettings = {
				ALWAYS_SEARCH_USER_PATHS = NO;
				CLANG_ANALYZER_NONNULL = YES;
				CLANG_CXX_LANGUAGE_STANDARD = "gnu++0x";
				CLANG_CXX_LIBRARY = "libc++";
				CLANG_ENABLE_MODULES = YES;
				CLANG_ENABLE_OBJC_ARC = YES;
				CLANG_WARN_BOOL_CONVERSION = YES;
				CLANG_WARN_CONSTANT_CONVERSION = YES;
				CLANG_WARN_DIRECT_OBJC_ISA_USAGE = YES_ERROR;
				CLANG_WARN_DOCUMENTATION_COMMENTS = YES;
				CLANG_WARN_EMPTY_BODY = YES;
				CLANG_WARN_ENUM_CONVERSION = YES;
				CLANG_WARN_INFINITE_RECURSION = YES;
				CLANG_WARN_INT_CONVERSION = YES;
				CLANG_WARN_OBJC_ROOT_CLASS = YES_ERROR;
				CLANG_WARN_SUSPICIOUS_MOVES = YES;
				CLANG_WARN_UNREACHABLE_CODE = YES;
				CLANG_WARN__DUPLICATE_METHOD_MATCH = YES;
				"CODE_SIGN_IDENTITY[sdk=iphoneos*]" = "iPhone Developer";
				COPY_PHASE_STRIP = NO;
				DEBUG_INFORMATION_FORMAT = "dwarf-with-dsym";
				ENABLE_NS_ASSERTIONS = NO;
				ENABLE_STRICT_OBJC_MSGSEND = YES;
				GCC_C_LANGUAGE_STANDARD = gnu99;
				GCC_NO_COMMON_BLOCKS = YES;
				GCC_WARN_64_TO_32_BIT_CONVERSION = YES;
				GCC_WARN_ABOUT_RETURN_TYPE = YES_ERROR;
				GCC_WARN_UNDECLARED_SELECTOR = YES;
				GCC_WARN_UNINITIALIZED_AUTOS = YES_AGGRESSIVE;
				GCC_WARN_UNUSED_FUNCTION = YES;
				GCC_WARN_UNUSED_VARIABLE = YES;
				IPHONEOS_DEPLOYMENT_TARGET = 8.0;
				MTL_ENABLE_DEBUG_INFO = NO;
				SDKROOT = iphoneos;
				SWIFT_OPTIMIZATION_LEVEL = "-Owholemodule";
				TARGETED_DEVICE_FAMILY = "1,2";
				VALIDATE_PRODUCT = YES;
			};
			name = Release;
		};
		5F73C5191DD132A3000F31D3 /* Debug */ = {
			isa = XCBuildConfiguration;
			baseConfigurationReference = 03E7A9367612DA226FE99B91 /* Pods-Athna.debug.xcconfig */;
			buildSettings = {
				ASSETCATALOG_COMPILER_APPICON_NAME = AppIcon;
				CODE_SIGN_ENTITLEMENTS = Athna/Athna.entitlements;
				DEVELOPMENT_TEAM = 3KD746HRBW;
				FRAMEWORK_SEARCH_PATHS = (
					"$(inherited)",
					"$(PROJECT_DIR)/Athna",
					"$(PROJECT_DIR)/Athna/Sdk/Aws",
					"$(PROJECT_DIR)/Athna/Sdk/Aws/extras",
					"$(PROJECT_DIR)/Athna/Sdk/Facebook",
					"$(PROJECT_DIR)/Athna/AmazonAws",
				);
				INFOPLIST_FILE = Athna/Info.plist;
				IPHONEOS_DEPLOYMENT_TARGET = 8.1;
				LD_RUNPATH_SEARCH_PATHS = "$(inherited) @executable_path/Frameworks";
				PRODUCT_BUNDLE_IDENTIFIER = com.sherlockllc.Athna;
				PRODUCT_NAME = "$(TARGET_NAME)";
				SWIFT_VERSION = 3.0;
			};
			name = Debug;
		};
		5F73C51A1DD132A3000F31D3 /* Release */ = {
			isa = XCBuildConfiguration;
			baseConfigurationReference = 4CA15A1B4AC8AF938A0A02CB /* Pods-Athna.release.xcconfig */;
			buildSettings = {
				ASSETCATALOG_COMPILER_APPICON_NAME = AppIcon;
				CODE_SIGN_ENTITLEMENTS = Athna/Athna.entitlements;
				DEVELOPMENT_TEAM = 3KD746HRBW;
				FRAMEWORK_SEARCH_PATHS = (
					"$(inherited)",
					"$(PROJECT_DIR)/Athna",
					"$(PROJECT_DIR)/Athna/Sdk/Aws",
					"$(PROJECT_DIR)/Athna/Sdk/Aws/extras",
					"$(PROJECT_DIR)/Athna/Sdk/Facebook",
					"$(PROJECT_DIR)/Athna/AmazonAws",
				);
				INFOPLIST_FILE = Athna/Info.plist;
				IPHONEOS_DEPLOYMENT_TARGET = 8.1;
				LD_RUNPATH_SEARCH_PATHS = "$(inherited) @executable_path/Frameworks";
				PRODUCT_BUNDLE_IDENTIFIER = com.sherlockllc.Athna;
				PRODUCT_NAME = "$(TARGET_NAME)";
				SWIFT_VERSION = 3.0;
			};
			name = Release;
		};
		5F73C51C1DD132A3000F31D3 /* Debug */ = {
			isa = XCBuildConfiguration;
			buildSettings = {
				ALWAYS_EMBED_SWIFT_STANDARD_LIBRARIES = YES;
				BUNDLE_LOADER = "$(TEST_HOST)";
				INFOPLIST_FILE = AthnaTests/Info.plist;
				LD_RUNPATH_SEARCH_PATHS = "$(inherited) @executable_path/Frameworks @loader_path/Frameworks";
				PRODUCT_BUNDLE_IDENTIFIER = com.sherlockllc.AthnaTests;
				PRODUCT_NAME = "$(TARGET_NAME)";
				SWIFT_VERSION = 3.0;
				TEST_HOST = "$(BUILT_PRODUCTS_DIR)/Athna.app/Athna";
			};
			name = Debug;
		};
		5F73C51D1DD132A3000F31D3 /* Release */ = {
			isa = XCBuildConfiguration;
			buildSettings = {
				ALWAYS_EMBED_SWIFT_STANDARD_LIBRARIES = YES;
				BUNDLE_LOADER = "$(TEST_HOST)";
				INFOPLIST_FILE = AthnaTests/Info.plist;
				LD_RUNPATH_SEARCH_PATHS = "$(inherited) @executable_path/Frameworks @loader_path/Frameworks";
				PRODUCT_BUNDLE_IDENTIFIER = com.sherlockllc.AthnaTests;
				PRODUCT_NAME = "$(TARGET_NAME)";
				SWIFT_VERSION = 3.0;
				TEST_HOST = "$(BUILT_PRODUCTS_DIR)/Athna.app/Athna";
			};
			name = Release;
		};
		5F73C51F1DD132A3000F31D3 /* Debug */ = {
			isa = XCBuildConfiguration;
			buildSettings = {
				ALWAYS_EMBED_SWIFT_STANDARD_LIBRARIES = YES;
				INFOPLIST_FILE = AthnaUITests/Info.plist;
				LD_RUNPATH_SEARCH_PATHS = "$(inherited) @executable_path/Frameworks @loader_path/Frameworks";
				PRODUCT_BUNDLE_IDENTIFIER = com.sherlockllc.AthnaUITests;
				PRODUCT_NAME = "$(TARGET_NAME)";
				SWIFT_VERSION = 3.0;
				TEST_TARGET_NAME = Athna;
			};
			name = Debug;
		};
		5F73C5201DD132A3000F31D3 /* Release */ = {
			isa = XCBuildConfiguration;
			buildSettings = {
				ALWAYS_EMBED_SWIFT_STANDARD_LIBRARIES = YES;
				INFOPLIST_FILE = AthnaUITests/Info.plist;
				LD_RUNPATH_SEARCH_PATHS = "$(inherited) @executable_path/Frameworks @loader_path/Frameworks";
				PRODUCT_BUNDLE_IDENTIFIER = com.sherlockllc.AthnaUITests;
				PRODUCT_NAME = "$(TARGET_NAME)";
				SWIFT_VERSION = 3.0;
				TEST_TARGET_NAME = Athna;
			};
			name = Release;
		};
/* End XCBuildConfiguration section */

/* Begin XCConfigurationList section */
		5F73C4E91DD132A2000F31D3 /* Build configuration list for PBXProject "Athna" */ = {
			isa = XCConfigurationList;
			buildConfigurations = (
				5F73C5161DD132A3000F31D3 /* Debug */,
				5F73C5171DD132A3000F31D3 /* Release */,
			);
			defaultConfigurationIsVisible = 0;
			defaultConfigurationName = Release;
		};
		5F73C5181DD132A3000F31D3 /* Build configuration list for PBXNativeTarget "Athna" */ = {
			isa = XCConfigurationList;
			buildConfigurations = (
				5F73C5191DD132A3000F31D3 /* Debug */,
				5F73C51A1DD132A3000F31D3 /* Release */,
			);
			defaultConfigurationIsVisible = 0;
			defaultConfigurationName = Release;
		};
		5F73C51B1DD132A3000F31D3 /* Build configuration list for PBXNativeTarget "AthnaTests" */ = {
			isa = XCConfigurationList;
			buildConfigurations = (
				5F73C51C1DD132A3000F31D3 /* Debug */,
				5F73C51D1DD132A3000F31D3 /* Release */,
			);
			defaultConfigurationIsVisible = 0;
			defaultConfigurationName = Release;
		};
		5F73C51E1DD132A3000F31D3 /* Build configuration list for PBXNativeTarget "AthnaUITests" */ = {
			isa = XCConfigurationList;
			buildConfigurations = (
				5F73C51F1DD132A3000F31D3 /* Debug */,
				5F73C5201DD132A3000F31D3 /* Release */,
			);
			defaultConfigurationIsVisible = 0;
			defaultConfigurationName = Release;
		};
/* End XCConfigurationList section */
	};
	rootObject = 5F73C4E61DD132A2000F31D3 /* Project object */;
}
